
Microsoft Visual Studio Solution File, Format Version 12.00
# Visual Studio 15
VisualStudioVersion = 15.0.27703.2035
MinimumVisualStudioVersion = 10.0.40219.1
Project("{9A19103F-16F7-4668-BE54-9A1E7A4F7556}") = "BattleShips.ConsoleApp", "BattleShips\BattleShips.ConsoleApp.csproj", "{A8C01245-84CE-4D43-8FC2-008DE8A21D98}"
EndProject
Project("{9A19103F-16F7-4668-BE54-9A1E7A4F7556}") = "Battleships.Tests", "Battleships.Tests\Battleships.Tests.csproj", "{EDB9C720-2336-4004-A8FA-1D9D6EB91BA8}"
EndProject
Project("{FAE04EC0-301F-11D3-BF4B-00C04F79EFBC}") = "Battleships.Domain", "Battleships.Domain\Battleships.Domain.csproj", "{042F1FBF-8172-412D-A900-97024BD99267}"
EndProject
Global
	GlobalSection(SolutionConfigurationPlatforms) = preSolution
		Debug|Any CPU = Debug|Any CPU
		Release|Any CPU = Release|Any CPU
	EndGlobalSection
	GlobalSection(ProjectConfigurationPlatforms) = postSolution
		{A8C01245-84CE-4D43-8FC2-008DE8A21D98}.Debug|Any CPU.ActiveCfg = Debug|Any CPU
		{A8C01245-84CE-4D43-8FC2-008DE8A21D98}.Debug|Any CPU.Build.0 = Debug|Any CPU
		{A8C01245-84CE-4D43-8FC2-008DE8A21D98}.Release|Any CPU.ActiveCfg = Release|Any CPU
		{A8C01245-84CE-4D43-8FC2-008DE8A21D98}.Release|Any CPU.Build.0 = Release|Any CPU
		{EDB9C720-2336-4004-A8FA-1D9D6EB91BA8}.Debug|Any CPU.ActiveCfg = Debug|Any CPU
		{EDB9C720-2336-4004-A8FA-1D9D6EB91BA8}.Debug|Any CPU.Build.0 = Debug|Any CPU
		{EDB9C720-2336-4004-A8FA-1D9D6EB91BA8}.Release|Any CPU.ActiveCfg = Release|Any CPU
		{EDB9C720-2336-4004-A8FA-1D9D6EB91BA8}.Release|Any CPU.Build.0 = Release|Any CPU
		{042F1FBF-8172-412D-A900-97024BD99267}.Debug|Any CPU.ActiveCfg = Debug|Any CPU
		{042F1FBF-8172-412D-A900-97024BD99267}.Debug|Any CPU.Build.0 = Debug|Any CPU
		{042F1FBF-8172-412D-A900-97024BD99267}.Release|Any CPU.ActiveCfg = Release|Any CPU
		{042F1FBF-8172-412D-A900-97024BD99267}.Release|Any CPU.Build.0 = Release|Any CPU
	EndGlobalSection
	GlobalSection(SolutionProperties) = preSolution
		HideSolutionNode = FALSE
	EndGlobalSection
	GlobalSection(ExtensibilityGlobals) = postSolution
		SolutionGuid = {9F283169-BACF-4577-9FA0-D2E0F955D655}
	EndGlobalSection
EndGlobal
